// !$*UTF8*$!
{
	archiveVersion = 1;
	classes = {
	};
	objectVersion = 46;
	objects = {

/* Begin PBXBuildFile section */
		B605C70015D6F4E20026B8AD /* UIKit.framework in Frameworks */ = {isa = PBXBuildFile; fileRef = B605C6FF15D6F4E20026B8AD /* UIKit.framework */; };
		B605C70215D6F4E20026B8AD /* Foundation.framework in Frameworks */ = {isa = PBXBuildFile; fileRef = B605C70115D6F4E20026B8AD /* Foundation.framework */; };
		B605C70415D6F4E20026B8AD /* CoreGraphics.framework in Frameworks */ = {isa = PBXBuildFile; fileRef = B605C70315D6F4E20026B8AD /* CoreGraphics.framework */; };
		B605C70A15D6F4E20026B8AD /* InfoPlist.strings in Resources */ = {isa = PBXBuildFile; fileRef = B605C70815D6F4E20026B8AD /* InfoPlist.strings */; };
		B605C70C15D6F4E20026B8AD /* main.m in Sources */ = {isa = PBXBuildFile; fileRef = B605C70B15D6F4E20026B8AD /* main.m */; };
		B605C71015D6F4E20026B8AD /* AppDelegate.m in Sources */ = {isa = PBXBuildFile; fileRef = B605C70F15D6F4E20026B8AD /* AppDelegate.m */; };
		B605C71315D6F4E20026B8AD /* MainStoryboard.storyboard in Resources */ = {isa = PBXBuildFile; fileRef = B605C71115D6F4E20026B8AD /* MainStoryboard.storyboard */; };
		B605C71615D6F4E20026B8AD /* MasterViewController.m in Sources */ = {isa = PBXBuildFile; fileRef = B605C71515D6F4E20026B8AD /* MasterViewController.m */; };
		B605C71915D6F4E20026B8AD /* DetailViewController.m in Sources */ = {isa = PBXBuildFile; fileRef = B605C71815D6F4E20026B8AD /* DetailViewController.m */; };
		B605C73815D6FC400026B8AD /* icon@2x.png in Resources */ = {isa = PBXBuildFile; fileRef = B605C73715D6FC400026B8AD /* icon@2x.png */; };
		B605C73A15D6FC430026B8AD /* icon.png in Resources */ = {isa = PBXBuildFile; fileRef = B605C73915D6FC430026B8AD /* icon.png */; };
		B605C76215D709D10026B8AD /* libstdc++.dylib in Frameworks */ = {isa = PBXBuildFile; fileRef = B605C76115D709D10026B8AD /* libstdc++.dylib */; };
		B605C76415D70A640026B8AD /* libz.dylib in Frameworks */ = {isa = PBXBuildFile; fileRef = B605C76315D70A640026B8AD /* libz.dylib */; };
		B62C955715DB91010083BA45 /* AudioToolbox.framework in Frameworks */ = {isa = PBXBuildFile; fileRef = B62C955615DB91010083BA45 /* AudioToolbox.framework */; };
		B62C955915DB91070083BA45 /* AVFoundation.framework in Frameworks */ = {isa = PBXBuildFile; fileRef = B62C955815DB91070083BA45 /* AVFoundation.framework */; };
		B62C955B15DB910F0083BA45 /* CFNetwork.framework in Frameworks */ = {isa = PBXBuildFile; fileRef = B62C955A15DB910F0083BA45 /* CFNetwork.framework */; };
		B62C955D15DB91160083BA45 /* CoreAudio.framework in Frameworks */ = {isa = PBXBuildFile; fileRef = B62C955C15DB91160083BA45 /* CoreAudio.framework */; };
		B62C955F15DB91220083BA45 /* CoreMedia.framework in Frameworks */ = {isa = PBXBuildFile; fileRef = B62C955E15DB91220083BA45 /* CoreMedia.framework */; };
		B62C956115DB912A0083BA45 /* CoreTelephony.framework in Frameworks */ = {isa = PBXBuildFile; fileRef = B62C956015DB912A0083BA45 /* CoreTelephony.framework */; };
		B62C956315DB91310083BA45 /* CoreVideo.framework in Frameworks */ = {isa = PBXBuildFile; fileRef = B62C956215DB91310083BA45 /* CoreVideo.framework */; };
		B62C956515DB91390083BA45 /* MobileCoreServices.framework in Frameworks */ = {isa = PBXBuildFile; fileRef = B62C956415DB91390083BA45 /* MobileCoreServices.framework */; };
		B62C956715DB913F0083BA45 /* OpenGLES.framework in Frameworks */ = {isa = PBXBuildFile; fileRef = B62C956615DB913F0083BA45 /* OpenGLES.framework */; };
		B62C956915DB91570083BA45 /* Security.framework in Frameworks */ = {isa = PBXBuildFile; fileRef = B62C956815DB91570083BA45 /* Security.framework */; };
		B62C956B15DB915E0083BA45 /* SystemConfiguration.framework in Frameworks */ = {isa = PBXBuildFile; fileRef = B62C956A15DB915E0083BA45 /* SystemConfiguration.framework */; };
		B62C956D15DB923E0083BA45 /* Opentok.framework in Frameworks */ = {isa = PBXBuildFile; fileRef = B62C956C15DB923E0083BA45 /* Opentok.framework */; };
		B62C956F15DB926F0083BA45 /* opentok.bundle in Resources */ = {isa = PBXBuildFile; fileRef = B62C956E15DB926F0083BA45 /* opentok.bundle */; };
		B62C958415DB93080083BA45 /* ASIAuthenticationDialog.m in Sources */ = {isa = PBXBuildFile; fileRef = B62C957115DB93080083BA45 /* ASIAuthenticationDialog.m */; settings = {COMPILER_FLAGS = "-fno-objc-arc"; }; };
		B62C958515DB93080083BA45 /* ASIDataCompressor.m in Sources */ = {isa = PBXBuildFile; fileRef = B62C957415DB93080083BA45 /* ASIDataCompressor.m */; settings = {COMPILER_FLAGS = "-fno-objc-arc"; }; };
		B62C958615DB93080083BA45 /* ASIDataDecompressor.m in Sources */ = {isa = PBXBuildFile; fileRef = B62C957615DB93080083BA45 /* ASIDataDecompressor.m */; settings = {COMPILER_FLAGS = "-fno-objc-arc"; }; };
		B62C958715DB93080083BA45 /* ASIDownloadCache.m in Sources */ = {isa = PBXBuildFile; fileRef = B62C957815DB93080083BA45 /* ASIDownloadCache.m */; settings = {COMPILER_FLAGS = "-fno-objc-arc"; }; };
		B62C958815DB93080083BA45 /* ASIFormDataRequest.m in Sources */ = {isa = PBXBuildFile; fileRef = B62C957A15DB93080083BA45 /* ASIFormDataRequest.m */; settings = {COMPILER_FLAGS = "-fno-objc-arc"; }; };
		B62C958915DB93080083BA45 /* ASIHTTPRequest.m in Sources */ = {isa = PBXBuildFile; fileRef = B62C957C15DB93080083BA45 /* ASIHTTPRequest.m */; settings = {COMPILER_FLAGS = "-fno-objc-arc"; }; };
		B62C958A15DB93080083BA45 /* ASIInputStream.m in Sources */ = {isa = PBXBuildFile; fileRef = B62C958015DB93080083BA45 /* ASIInputStream.m */; settings = {COMPILER_FLAGS = "-fno-objc-arc"; }; };
		B62C958B15DB93080083BA45 /* ASINetworkQueue.m in Sources */ = {isa = PBXBuildFile; fileRef = B62C958215DB93080083BA45 /* ASINetworkQueue.m */; settings = {COMPILER_FLAGS = "-fno-objc-arc"; }; };
		B62C959115DB947F0083BA45 /* Reachability.m in Sources */ = {isa = PBXBuildFile; fileRef = B62C959015DB947F0083BA45 /* Reachability.m */; settings = {COMPILER_FLAGS = "-fno-objc-arc"; }; };
		B637295615D7AC7D00848BB5 /* linen.jpg in Resources */ = {isa = PBXBuildFile; fileRef = B637295415D7AC7D00848BB5 /* linen.jpg */; };
		B637295715D7AC7D00848BB5 /* linen@2x.jpg in Resources */ = {isa = PBXBuildFile; fileRef = B637295515D7AC7D00848BB5 /* linen@2x.jpg */; };
		B6470AC115D73CE4001BB905 /* SCSync.m in Sources */ = {isa = PBXBuildFile; fileRef = B6470AC015D73CE4001BB905 /* SCSync.m */; settings = {COMPILER_FLAGS = "-fno-objc-arc"; }; };
		B6470AC415D743CD001BB905 /* ChatWindowFactory.m in Sources */ = {isa = PBXBuildFile; fileRef = B6470AC315D743CD001BB905 /* ChatWindowFactory.m */; };
		B68DE32915D712C700CD5CC1 /* WorkGroupViewController.m in Sources */ = {isa = PBXBuildFile; fileRef = B68DE32715D712C700CD5CC1 /* WorkGroupViewController.m */; };
		B68DE32A15D712C700CD5CC1 /* WorkGroupViewController.xib in Resources */ = {isa = PBXBuildFile; fileRef = B68DE32815D712C700CD5CC1 /* WorkGroupViewController.xib */; };
		B68DE32E15D716DD00CD5CC1 /* SCUser.m in Sources */ = {isa = PBXBuildFile; fileRef = B68DE32D15D716DD00CD5CC1 /* SCUser.m */; };
		B6E805FF15D7EE20002915B9 /* QuartzCore.framework in Frameworks */ = {isa = PBXBuildFile; fileRef = B6E805FE15D7EE20002915B9 /* QuartzCore.framework */; };
		B6E8060815D7F410002915B9 /* CGPointUtils.m in Sources */ = {isa = PBXBuildFile; fileRef = B6E8060715D7F410002915B9 /* CGPointUtils.m */; };
/* End PBXBuildFile section */

/* Begin PBXFileReference section */
		B605C6FB15D6F4E20026B8AD /* SlideChat.app */ = {isa = PBXFileReference; explicitFileType = wrapper.application; includeInIndex = 0; path = SlideChat.app; sourceTree = BUILT_PRODUCTS_DIR; };
		B605C6FF15D6F4E20026B8AD /* UIKit.framework */ = {isa = PBXFileReference; lastKnownFileType = wrapper.framework; name = UIKit.framework; path = System/Library/Frameworks/UIKit.framework; sourceTree = SDKROOT; };
		B605C70115D6F4E20026B8AD /* Foundation.framework */ = {isa = PBXFileReference; lastKnownFileType = wrapper.framework; name = Foundation.framework; path = System/Library/Frameworks/Foundation.framework; sourceTree = SDKROOT; };
		B605C70315D6F4E20026B8AD /* CoreGraphics.framework */ = {isa = PBXFileReference; lastKnownFileType = wrapper.framework; name = CoreGraphics.framework; path = System/Library/Frameworks/CoreGraphics.framework; sourceTree = SDKROOT; };
		B605C70715D6F4E20026B8AD /* SlideChat-Info.plist */ = {isa = PBXFileReference; lastKnownFileType = text.plist.xml; path = "SlideChat-Info.plist"; sourceTree = "<group>"; };
		B605C70915D6F4E20026B8AD /* en */ = {isa = PBXFileReference; lastKnownFileType = text.plist.strings; name = en; path = en.lproj/InfoPlist.strings; sourceTree = "<group>"; };
		B605C70B15D6F4E20026B8AD /* main.m */ = {isa = PBXFileReference; lastKnownFileType = sourcecode.c.objc; path = main.m; sourceTree = "<group>"; };
		B605C70D15D6F4E20026B8AD /* SlideChat-Prefix.pch */ = {isa = PBXFileReference; lastKnownFileType = sourcecode.c.h; path = "SlideChat-Prefix.pch"; sourceTree = "<group>"; };
		B605C70E15D6F4E20026B8AD /* AppDelegate.h */ = {isa = PBXFileReference; lastKnownFileType = sourcecode.c.h; path = AppDelegate.h; sourceTree = "<group>"; };
		B605C70F15D6F4E20026B8AD /* AppDelegate.m */ = {isa = PBXFileReference; lastKnownFileType = sourcecode.c.objc; path = AppDelegate.m; sourceTree = "<group>"; };
		B605C71215D6F4E20026B8AD /* en */ = {isa = PBXFileReference; lastKnownFileType = file.storyboard; name = en; path = en.lproj/MainStoryboard.storyboard; sourceTree = "<group>"; };
		B605C71415D6F4E20026B8AD /* MasterViewController.h */ = {isa = PBXFileReference; lastKnownFileType = sourcecode.c.h; path = MasterViewController.h; sourceTree = "<group>"; };
		B605C71515D6F4E20026B8AD /* MasterViewController.m */ = {isa = PBXFileReference; lastKnownFileType = sourcecode.c.objc; path = MasterViewController.m; sourceTree = "<group>"; };
		B605C71715D6F4E20026B8AD /* DetailViewController.h */ = {isa = PBXFileReference; lastKnownFileType = sourcecode.c.h; path = DetailViewController.h; sourceTree = "<group>"; };
		B605C71815D6F4E20026B8AD /* DetailViewController.m */ = {isa = PBXFileReference; lastKnownFileType = sourcecode.c.objc; path = DetailViewController.m; sourceTree = "<group>"; };
		B605C72015D6F4E20026B8AD /* SenTestingKit.framework */ = {isa = PBXFileReference; lastKnownFileType = wrapper.framework; name = SenTestingKit.framework; path = Library/Frameworks/SenTestingKit.framework; sourceTree = DEVELOPER_DIR; };
		B605C73715D6FC400026B8AD /* icon@2x.png */ = {isa = PBXFileReference; lastKnownFileType = image.png; name = "icon@2x.png"; path = "../icon@2x.png"; sourceTree = "<group>"; };
		B605C73915D6FC430026B8AD /* icon.png */ = {isa = PBXFileReference; lastKnownFileType = image.png; name = icon.png; path = ../icon.png; sourceTree = "<group>"; };
		B605C76115D709D10026B8AD /* libstdc++.dylib */ = {isa = PBXFileReference; lastKnownFileType = "compiled.mach-o.dylib"; name = "libstdc++.dylib"; path = "usr/lib/libstdc++.dylib"; sourceTree = SDKROOT; };
		B605C76315D70A640026B8AD /* libz.dylib */ = {isa = PBXFileReference; lastKnownFileType = "compiled.mach-o.dylib"; name = libz.dylib; path = usr/lib/libz.dylib; sourceTree = SDKROOT; };
		B62C955615DB91010083BA45 /* AudioToolbox.framework */ = {isa = PBXFileReference; lastKnownFileType = wrapper.framework; name = AudioToolbox.framework; path = System/Library/Frameworks/AudioToolbox.framework; sourceTree = SDKROOT; };
		B62C955815DB91070083BA45 /* AVFoundation.framework */ = {isa = PBXFileReference; lastKnownFileType = wrapper.framework; name = AVFoundation.framework; path = System/Library/Frameworks/AVFoundation.framework; sourceTree = SDKROOT; };
		B62C955A15DB910F0083BA45 /* CFNetwork.framework */ = {isa = PBXFileReference; lastKnownFileType = wrapper.framework; name = CFNetwork.framework; path = System/Library/Frameworks/CFNetwork.framework; sourceTree = SDKROOT; };
		B62C955C15DB91160083BA45 /* CoreAudio.framework */ = {isa = PBXFileReference; lastKnownFileType = wrapper.framework; name = CoreAudio.framework; path = System/Library/Frameworks/CoreAudio.framework; sourceTree = SDKROOT; };
		B62C955E15DB91220083BA45 /* CoreMedia.framework */ = {isa = PBXFileReference; lastKnownFileType = wrapper.framework; name = CoreMedia.framework; path = System/Library/Frameworks/CoreMedia.framework; sourceTree = SDKROOT; };
		B62C956015DB912A0083BA45 /* CoreTelephony.framework */ = {isa = PBXFileReference; lastKnownFileType = wrapper.framework; name = CoreTelephony.framework; path = System/Library/Frameworks/CoreTelephony.framework; sourceTree = SDKROOT; };
		B62C956215DB91310083BA45 /* CoreVideo.framework */ = {isa = PBXFileReference; lastKnownFileType = wrapper.framework; name = CoreVideo.framework; path = System/Library/Frameworks/CoreVideo.framework; sourceTree = SDKROOT; };
		B62C956415DB91390083BA45 /* MobileCoreServices.framework */ = {isa = PBXFileReference; lastKnownFileType = wrapper.framework; name = MobileCoreServices.framework; path = System/Library/Frameworks/MobileCoreServices.framework; sourceTree = SDKROOT; };
		B62C956615DB913F0083BA45 /* OpenGLES.framework */ = {isa = PBXFileReference; lastKnownFileType = wrapper.framework; name = OpenGLES.framework; path = System/Library/Frameworks/OpenGLES.framework; sourceTree = SDKROOT; };
		B62C956815DB91570083BA45 /* Security.framework */ = {isa = PBXFileReference; lastKnownFileType = wrapper.framework; name = Security.framework; path = System/Library/Frameworks/Security.framework; sourceTree = SDKROOT; };
		B62C956A15DB915E0083BA45 /* SystemConfiguration.framework */ = {isa = PBXFileReference; lastKnownFileType = wrapper.framework; name = SystemConfiguration.framework; path = System/Library/Frameworks/SystemConfiguration.framework; sourceTree = SDKROOT; };
		B62C956C15DB923E0083BA45 /* Opentok.framework */ = {isa = PBXFileReference; lastKnownFileType = wrapper.framework; name = Opentok.framework; path = ../opentok/Opentok.framework; sourceTree = "<group>"; };
		B62C956E15DB926F0083BA45 /* opentok.bundle */ = {isa = PBXFileReference; lastKnownFileType = "wrapper.plug-in"; name = opentok.bundle; path = ../opentok/Opentok.framework/opentok.bundle; sourceTree = "<group>"; };
		B62C957015DB93080083BA45 /* ASIAuthenticationDialog.h */ = {isa = PBXFileReference; fileEncoding = 4; lastKnownFileType = sourcecode.c.h; name = ASIAuthenticationDialog.h; path = ../ASI/Classes/ASIAuthenticationDialog.h; sourceTree = "<group>"; };
		B62C957115DB93080083BA45 /* ASIAuthenticationDialog.m */ = {isa = PBXFileReference; fileEncoding = 4; lastKnownFileType = sourcecode.c.objc; name = ASIAuthenticationDialog.m; path = ../ASI/Classes/ASIAuthenticationDialog.m; sourceTree = "<group>"; };
		B62C957215DB93080083BA45 /* ASICacheDelegate.h */ = {isa = PBXFileReference; fileEncoding = 4; lastKnownFileType = sourcecode.c.h; name = ASICacheDelegate.h; path = ../ASI/Classes/ASICacheDelegate.h; sourceTree = "<group>"; };
		B62C957315DB93080083BA45 /* ASIDataCompressor.h */ = {isa = PBXFileReference; fileEncoding = 4; lastKnownFileType = sourcecode.c.h; name = ASIDataCompressor.h; path = ../ASI/Classes/ASIDataCompressor.h; sourceTree = "<group>"; };
		B62C957415DB93080083BA45 /* ASIDataCompressor.m */ = {isa = PBXFileReference; fileEncoding = 4; lastKnownFileType = sourcecode.c.objc; name = ASIDataCompressor.m; path = ../ASI/Classes/ASIDataCompressor.m; sourceTree = "<group>"; };
		B62C957515DB93080083BA45 /* ASIDataDecompressor.h */ = {isa = PBXFileReference; fileEncoding = 4; lastKnownFileType = sourcecode.c.h; name = ASIDataDecompressor.h; path = ../ASI/Classes/ASIDataDecompressor.h; sourceTree = "<group>"; };
		B62C957615DB93080083BA45 /* ASIDataDecompressor.m */ = {isa = PBXFileReference; fileEncoding = 4; lastKnownFileType = sourcecode.c.objc; name = ASIDataDecompressor.m; path = ../ASI/Classes/ASIDataDecompressor.m; sourceTree = "<group>"; };
		B62C957715DB93080083BA45 /* ASIDownloadCache.h */ = {isa = PBXFileReference; fileEncoding = 4; lastKnownFileType = sourcecode.c.h; name = ASIDownloadCache.h; path = ../ASI/Classes/ASIDownloadCache.h; sourceTree = "<group>"; };
		B62C957815DB93080083BA45 /* ASIDownloadCache.m */ = {isa = PBXFileReference; fileEncoding = 4; lastKnownFileType = sourcecode.c.objc; name = ASIDownloadCache.m; path = ../ASI/Classes/ASIDownloadCache.m; sourceTree = "<group>"; };
		B62C957915DB93080083BA45 /* ASIFormDataRequest.h */ = {isa = PBXFileReference; fileEncoding = 4; lastKnownFileType = sourcecode.c.h; name = ASIFormDataRequest.h; path = ../ASI/Classes/ASIFormDataRequest.h; sourceTree = "<group>"; };
		B62C957A15DB93080083BA45 /* ASIFormDataRequest.m */ = {isa = PBXFileReference; fileEncoding = 4; lastKnownFileType = sourcecode.c.objc; name = ASIFormDataRequest.m; path = ../ASI/Classes/ASIFormDataRequest.m; sourceTree = "<group>"; };
		B62C957B15DB93080083BA45 /* ASIHTTPRequest.h */ = {isa = PBXFileReference; fileEncoding = 4; lastKnownFileType = sourcecode.c.h; name = ASIHTTPRequest.h; path = ../ASI/Classes/ASIHTTPRequest.h; sourceTree = "<group>"; };
		B62C957C15DB93080083BA45 /* ASIHTTPRequest.m */ = {isa = PBXFileReference; fileEncoding = 4; lastKnownFileType = sourcecode.c.objc; name = ASIHTTPRequest.m; path = ../ASI/Classes/ASIHTTPRequest.m; sourceTree = "<group>"; };
		B62C957D15DB93080083BA45 /* ASIHTTPRequestConfig.h */ = {isa = PBXFileReference; fileEncoding = 4; lastKnownFileType = sourcecode.c.h; name = ASIHTTPRequestConfig.h; path = ../ASI/Classes/ASIHTTPRequestConfig.h; sourceTree = "<group>"; };
		B62C957E15DB93080083BA45 /* ASIHTTPRequestDelegate.h */ = {isa = PBXFileReference; fileEncoding = 4; lastKnownFileType = sourcecode.c.h; name = ASIHTTPRequestDelegate.h; path = ../ASI/Classes/ASIHTTPRequestDelegate.h; sourceTree = "<group>"; };
		B62C957F15DB93080083BA45 /* ASIInputStream.h */ = {isa = PBXFileReference; fileEncoding = 4; lastKnownFileType = sourcecode.c.h; name = ASIInputStream.h; path = ../ASI/Classes/ASIInputStream.h; sourceTree = "<group>"; };
		B62C958015DB93080083BA45 /* ASIInputStream.m */ = {isa = PBXFileReference; fileEncoding = 4; lastKnownFileType = sourcecode.c.objc; name = ASIInputStream.m; path = ../ASI/Classes/ASIInputStream.m; sourceTree = "<group>"; };
		B62C958115DB93080083BA45 /* ASINetworkQueue.h */ = {isa = PBXFileReference; fileEncoding = 4; lastKnownFileType = sourcecode.c.h; name = ASINetworkQueue.h; path = ../ASI/Classes/ASINetworkQueue.h; sourceTree = "<group>"; };
		B62C958215DB93080083BA45 /* ASINetworkQueue.m */ = {isa = PBXFileReference; fileEncoding = 4; lastKnownFileType = sourcecode.c.objc; name = ASINetworkQueue.m; path = ../ASI/Classes/ASINetworkQueue.m; sourceTree = "<group>"; };
		B62C958315DB93080083BA45 /* ASIProgressDelegate.h */ = {isa = PBXFileReference; fileEncoding = 4; lastKnownFileType = sourcecode.c.h; name = ASIProgressDelegate.h; path = ../ASI/Classes/ASIProgressDelegate.h; sourceTree = "<group>"; };
		B62C958F15DB947F0083BA45 /* Reachability.h */ = {isa = PBXFileReference; fileEncoding = 4; lastKnownFileType = sourcecode.c.h; name = Reachability.h; path = ../ASI/External/Reachability/Reachability.h; sourceTree = "<group>"; };
		B62C959015DB947F0083BA45 /* Reachability.m */ = {isa = PBXFileReference; fileEncoding = 4; lastKnownFileType = sourcecode.c.objc; name = Reachability.m; path = ../ASI/External/Reachability/Reachability.m; sourceTree = "<group>"; };
		B637295415D7AC7D00848BB5 /* linen.jpg */ = {isa = PBXFileReference; lastKnownFileType = image.jpeg; path = linen.jpg; sourceTree = "<group>"; };
		B637295515D7AC7D00848BB5 /* linen@2x.jpg */ = {isa = PBXFileReference; lastKnownFileType = image.jpeg; path = "linen@2x.jpg"; sourceTree = "<group>"; };
		B6470ABF15D73CE4001BB905 /* SCSync.h */ = {isa = PBXFileReference; fileEncoding = 4; lastKnownFileType = sourcecode.c.h; path = SCSync.h; sourceTree = "<group>"; };
		B6470AC015D73CE4001BB905 /* SCSync.m */ = {isa = PBXFileReference; fileEncoding = 4; lastKnownFileType = sourcecode.c.objc; path = SCSync.m; sourceTree = "<group>"; };
		B6470AC215D743CD001BB905 /* ChatWindowFactory.h */ = {isa = PBXFileReference; fileEncoding = 4; lastKnownFileType = sourcecode.c.h; name = ChatWindowFactory.h; path = ../ChatWindowFactory.h; sourceTree = "<group>"; };
		B6470AC315D743CD001BB905 /* ChatWindowFactory.m */ = {isa = PBXFileReference; fileEncoding = 4; lastKnownFileType = sourcecode.c.objc; name = ChatWindowFactory.m; path = ../ChatWindowFactory.m; sourceTree = "<group>"; };
		B68DE32615D712C700CD5CC1 /* WorkGroupViewController.h */ = {isa = PBXFileReference; fileEncoding = 4; lastKnownFileType = sourcecode.c.h; path = WorkGroupViewController.h; sourceTree = "<group>"; };
		B68DE32715D712C700CD5CC1 /* WorkGroupViewController.m */ = {isa = PBXFileReference; fileEncoding = 4; lastKnownFileType = sourcecode.c.objc; path = WorkGroupViewController.m; sourceTree = "<group>"; };
		B68DE32815D712C700CD5CC1 /* WorkGroupViewController.xib */ = {isa = PBXFileReference; fileEncoding = 4; lastKnownFileType = file.xib; path = WorkGroupViewController.xib; sourceTree = "<group>"; };
		B68DE32C15D716DD00CD5CC1 /* SCUser.h */ = {isa = PBXFileReference; fileEncoding = 4; lastKnownFileType = sourcecode.c.h; name = SCUser.h; path = ../SCUser.h; sourceTree = "<group>"; };
		B68DE32D15D716DD00CD5CC1 /* SCUser.m */ = {isa = PBXFileReference; fileEncoding = 4; lastKnownFileType = sourcecode.c.objc; name = SCUser.m; path = ../SCUser.m; sourceTree = "<group>"; };
		B6E805FE15D7EE20002915B9 /* QuartzCore.framework */ = {isa = PBXFileReference; lastKnownFileType = wrapper.framework; name = QuartzCore.framework; path = System/Library/Frameworks/QuartzCore.framework; sourceTree = SDKROOT; };
		B6E8060615D7F410002915B9 /* CGPointUtils.h */ = {isa = PBXFileReference; fileEncoding = 4; lastKnownFileType = sourcecode.c.h; name = CGPointUtils.h; path = ../CGPointUtils.h; sourceTree = "<group>"; };
		B6E8060715D7F410002915B9 /* CGPointUtils.m */ = {isa = PBXFileReference; fileEncoding = 4; lastKnownFileType = sourcecode.c.objc; name = CGPointUtils.m; path = ../CGPointUtils.m; sourceTree = "<group>"; };
/* End PBXFileReference section */

/* Begin PBXFrameworksBuildPhase section */
		B605C6F815D6F4E20026B8AD /* Frameworks */ = {
			isa = PBXFrameworksBuildPhase;
			buildActionMask = 2147483647;
			files = (
				B62C956B15DB915E0083BA45 /* SystemConfiguration.framework in Frameworks */,
				B62C956915DB91570083BA45 /* Security.framework in Frameworks */,
				B6E805FF15D7EE20002915B9 /* QuartzCore.framework in Frameworks */,
				B62C956715DB913F0083BA45 /* OpenGLES.framework in Frameworks */,
				B62C956515DB91390083BA45 /* MobileCoreServices.framework in Frameworks */,
				B62C956315DB91310083BA45 /* CoreVideo.framework in Frameworks */,
				B62C956115DB912A0083BA45 /* CoreTelephony.framework in Frameworks */,
				B62C955F15DB91220083BA45 /* CoreMedia.framework in Frameworks */,
				B62C955D15DB91160083BA45 /* CoreAudio.framework in Frameworks */,
				B62C955B15DB910F0083BA45 /* CFNetwork.framework in Frameworks */,
				B62C955915DB91070083BA45 /* AVFoundation.framework in Frameworks */,
				B62C955715DB91010083BA45 /* AudioToolbox.framework in Frameworks */,
				B605C76415D70A640026B8AD /* libz.dylib in Frameworks */,
				B605C76215D709D10026B8AD /* libstdc++.dylib in Frameworks */,
				B605C70015D6F4E20026B8AD /* UIKit.framework in Frameworks */,
				B605C70215D6F4E20026B8AD /* Foundation.framework in Frameworks */,
				B605C70415D6F4E20026B8AD /* CoreGraphics.framework in Frameworks */,
				B62C956D15DB923E0083BA45 /* Opentok.framework in Frameworks */,
			);
			runOnlyForDeploymentPostprocessing = 0;
		};
/* End PBXFrameworksBuildPhase section */

/* Begin PBXGroup section */
		B605C6F015D6F4E20026B8AD = {
			isa = PBXGroup;
			children = (
				B62C958C15DB930E0083BA45 /* Network Library */,
				B605C70515D6F4E20026B8AD /* SlideChat */,
				B605C6FE15D6F4E20026B8AD /* Frameworks */,
				B605C6FC15D6F4E20026B8AD /* Products */,
			);
			sourceTree = "<group>";
		};
		B605C6FC15D6F4E20026B8AD /* Products */ = {
			isa = PBXGroup;
			children = (
				B605C6FB15D6F4E20026B8AD /* SlideChat.app */,
			);
			name = Products;
			sourceTree = "<group>";
		};
		B605C6FE15D6F4E20026B8AD /* Frameworks */ = {
			isa = PBXGroup;
			children = (
				B62C956E15DB926F0083BA45 /* opentok.bundle */,
				B62C956C15DB923E0083BA45 /* Opentok.framework */,
				B62C956A15DB915E0083BA45 /* SystemConfiguration.framework */,
				B62C956815DB91570083BA45 /* Security.framework */,
				B62C956615DB913F0083BA45 /* OpenGLES.framework */,
				B62C956415DB91390083BA45 /* MobileCoreServices.framework */,
				B62C956215DB91310083BA45 /* CoreVideo.framework */,
				B62C956015DB912A0083BA45 /* CoreTelephony.framework */,
				B62C955E15DB91220083BA45 /* CoreMedia.framework */,
				B62C955C15DB91160083BA45 /* CoreAudio.framework */,
				B62C955A15DB910F0083BA45 /* CFNetwork.framework */,
				B62C955815DB91070083BA45 /* AVFoundation.framework */,
				B62C955615DB91010083BA45 /* AudioToolbox.framework */,
				B6E805FE15D7EE20002915B9 /* QuartzCore.framework */,
				B605C76315D70A640026B8AD /* libz.dylib */,
				B605C76115D709D10026B8AD /* libstdc++.dylib */,
				B605C6FF15D6F4E20026B8AD /* UIKit.framework */,
				B605C70115D6F4E20026B8AD /* Foundation.framework */,
				B605C70315D6F4E20026B8AD /* CoreGraphics.framework */,
				B605C72015D6F4E20026B8AD /* SenTestingKit.framework */,
			);
			name = Frameworks;
			sourceTree = "<group>";
		};
		B605C70515D6F4E20026B8AD /* SlideChat */ = {
			isa = PBXGroup;
			children = (
				B62C958D15DB93F20083BA45 /* Artwork */,
				B62C958E15DB94050083BA45 /* Views */,
				B6E8060615D7F410002915B9 /* CGPointUtils.h */,
				B6E8060715D7F410002915B9 /* CGPointUtils.m */,
				B6470ABF15D73CE4001BB905 /* SCSync.h */,
				B6470AC015D73CE4001BB905 /* SCSync.m */,
				B68DE32C15D716DD00CD5CC1 /* SCUser.h */,
				B68DE32D15D716DD00CD5CC1 /* SCUser.m */,
				B605C70E15D6F4E20026B8AD /* AppDelegate.h */,
				B605C70F15D6F4E20026B8AD /* AppDelegate.m */,
				B605C70615D6F4E20026B8AD /* Supporting Files */,
			);
			path = SlideChat;
			sourceTree = "<group>";
		};
		B605C70615D6F4E20026B8AD /* Supporting Files */ = {
			isa = PBXGroup;
			children = (
				B605C70715D6F4E20026B8AD /* SlideChat-Info.plist */,
				B605C70815D6F4E20026B8AD /* InfoPlist.strings */,
				B605C70B15D6F4E20026B8AD /* main.m */,
				B605C70D15D6F4E20026B8AD /* SlideChat-Prefix.pch */,
			);
			name = "Supporting Files";
			sourceTree = "<group>";
		};
		B62C958C15DB930E0083BA45 /* Network Library */ = {
			isa = PBXGroup;
			children = (
				B62C958F15DB947F0083BA45 /* Reachability.h */,
				B62C959015DB947F0083BA45 /* Reachability.m */,
				B62C957015DB93080083BA45 /* ASIAuthenticationDialog.h */,
				B62C957115DB93080083BA45 /* ASIAuthenticationDialog.m */,
				B62C957215DB93080083BA45 /* ASICacheDelegate.h */,
				B62C957315DB93080083BA45 /* ASIDataCompressor.h */,
				B62C957415DB93080083BA45 /* ASIDataCompressor.m */,
				B62C957515DB93080083BA45 /* ASIDataDecompressor.h */,
				B62C957615DB93080083BA45 /* ASIDataDecompressor.m */,
				B62C957715DB93080083BA45 /* ASIDownloadCache.h */,
				B62C957815DB93080083BA45 /* ASIDownloadCache.m */,
				B62C957915DB93080083BA45 /* ASIFormDataRequest.h */,
				B62C957A15DB93080083BA45 /* ASIFormDataRequest.m */,
				B62C957B15DB93080083BA45 /* ASIHTTPRequest.h */,
				B62C957C15DB93080083BA45 /* ASIHTTPRequest.m */,
				B62C957D15DB93080083BA45 /* ASIHTTPRequestConfig.h */,
				B62C957E15DB93080083BA45 /* ASIHTTPRequestDelegate.h */,
				B62C957F15DB93080083BA45 /* ASIInputStream.h */,
				B62C958015DB93080083BA45 /* ASIInputStream.m */,
				B62C958115DB93080083BA45 /* ASINetworkQueue.h */,
				B62C958215DB93080083BA45 /* ASINetworkQueue.m */,
				B62C958315DB93080083BA45 /* ASIProgressDelegate.h */,
			);
			name = "Network Library";
			sourceTree = "<group>";
		};
		B62C958D15DB93F20083BA45 /* Artwork */ = {
			isa = PBXGroup;
			children = (
				B605C73915D6FC430026B8AD /* icon.png */,
				B605C73715D6FC400026B8AD /* icon@2x.png */,
				B637295415D7AC7D00848BB5 /* linen.jpg */,
				B637295515D7AC7D00848BB5 /* linen@2x.jpg */,
			);
			name = Artwork;
			sourceTree = "<group>";
		};
		B62C958E15DB94050083BA45 /* Views */ = {
			isa = PBXGroup;
			children = (
				B68DE32615D712C700CD5CC1 /* WorkGroupViewController.h */,
				B68DE32715D712C700CD5CC1 /* WorkGroupViewController.m */,
				B68DE32815D712C700CD5CC1 /* WorkGroupViewController.xib */,
				B6470AC215D743CD001BB905 /* ChatWindowFactory.h */,
				B6470AC315D743CD001BB905 /* ChatWindowFactory.m */,
				B605C71115D6F4E20026B8AD /* MainStoryboard.storyboard */,
				B605C71415D6F4E20026B8AD /* MasterViewController.h */,
				B605C71515D6F4E20026B8AD /* MasterViewController.m */,
				B605C71715D6F4E20026B8AD /* DetailViewController.h */,
				B605C71815D6F4E20026B8AD /* DetailViewController.m */,
			);
			name = Views;
			sourceTree = "<group>";
		};
/* End PBXGroup section */

/* Begin PBXNativeTarget section */
		B605C6FA15D6F4E20026B8AD /* SlideChat */ = {
			isa = PBXNativeTarget;
			buildConfigurationList = B605C73115D6F4E20026B8AD /* Build configuration list for PBXNativeTarget "SlideChat" */;
			buildPhases = (
				B605C6F715D6F4E20026B8AD /* Sources */,
				B605C6F815D6F4E20026B8AD /* Frameworks */,
				B605C6F915D6F4E20026B8AD /* Resources */,
			);
			buildRules = (
			);
			dependencies = (
			);
			name = SlideChat;
			productName = SlideChat;
			productReference = B605C6FB15D6F4E20026B8AD /* SlideChat.app */;
			productType = "com.apple.product-type.application";
		};
/* End PBXNativeTarget section */

/* Begin PBXProject section */
		B605C6F215D6F4E20026B8AD /* Project object */ = {
			isa = PBXProject;
			attributes = {
				LastUpgradeCheck = 0440;
				ORGANIZATIONNAME = "Movies.io Inc";
			};
			buildConfigurationList = B605C6F515D6F4E20026B8AD /* Build configuration list for PBXProject "SlideChat" */;
			compatibilityVersion = "Xcode 3.2";
			developmentRegion = English;
			hasScannedForEncodings = 0;
			knownRegions = (
				en,
			);
			mainGroup = B605C6F015D6F4E20026B8AD;
			productRefGroup = B605C6FC15D6F4E20026B8AD /* Products */;
			projectDirPath = "";
			projectRoot = "";
			targets = (
				B605C6FA15D6F4E20026B8AD /* SlideChat */,
			);
		};
/* End PBXProject section */

/* Begin PBXResourcesBuildPhase section */
		B605C6F915D6F4E20026B8AD /* Resources */ = {
			isa = PBXResourcesBuildPhase;
			buildActionMask = 2147483647;
			files = (
				B605C70A15D6F4E20026B8AD /* InfoPlist.strings in Resources */,
				B605C71315D6F4E20026B8AD /* MainStoryboard.storyboard in Resources */,
				B605C73815D6FC400026B8AD /* icon@2x.png in Resources */,
				B605C73A15D6FC430026B8AD /* icon.png in Resources */,
				B68DE32A15D712C700CD5CC1 /* WorkGroupViewController.xib in Resources */,
				B637295615D7AC7D00848BB5 /* linen.jpg in Resources */,
				B637295715D7AC7D00848BB5 /* linen@2x.jpg in Resources */,
				B62C956F15DB926F0083BA45 /* opentok.bundle in Resources */,
			);
			runOnlyForDeploymentPostprocessing = 0;
		};
/* End PBXResourcesBuildPhase section */

/* Begin PBXSourcesBuildPhase section */
		B605C6F715D6F4E20026B8AD /* Sources */ = {
			isa = PBXSourcesBuildPhase;
			buildActionMask = 2147483647;
			files = (
				B605C70C15D6F4E20026B8AD /* main.m in Sources */,
				B605C71015D6F4E20026B8AD /* AppDelegate.m in Sources */,
				B605C71615D6F4E20026B8AD /* MasterViewController.m in Sources */,
				B605C71915D6F4E20026B8AD /* DetailViewController.m in Sources */,
				B68DE32915D712C700CD5CC1 /* WorkGroupViewController.m in Sources */,
				B68DE32E15D716DD00CD5CC1 /* SCUser.m in Sources */,
				B6470AC115D73CE4001BB905 /* SCSync.m in Sources */,
				B6470AC415D743CD001BB905 /* ChatWindowFactory.m in Sources */,
				B6E8060815D7F410002915B9 /* CGPointUtils.m in Sources */,
				B62C958415DB93080083BA45 /* ASIAuthenticationDialog.m in Sources */,
				B62C958515DB93080083BA45 /* ASIDataCompressor.m in Sources */,
				B62C958615DB93080083BA45 /* ASIDataDecompressor.m in Sources */,
				B62C958715DB93080083BA45 /* ASIDownloadCache.m in Sources */,
				B62C958815DB93080083BA45 /* ASIFormDataRequest.m in Sources */,
				B62C958915DB93080083BA45 /* ASIHTTPRequest.m in Sources */,
				B62C958A15DB93080083BA45 /* ASIInputStream.m in Sources */,
				B62C958B15DB93080083BA45 /* ASINetworkQueue.m in Sources */,
				B62C959115DB947F0083BA45 /* Reachability.m in Sources */,
			);
			runOnlyForDeploymentPostprocessing = 0;
		};
/* End PBXSourcesBuildPhase section */

/* Begin PBXVariantGroup section */
		B605C70815D6F4E20026B8AD /* InfoPlist.strings */ = {
			isa = PBXVariantGroup;
			children = (
				B605C70915D6F4E20026B8AD /* en */,
			);
			name = InfoPlist.strings;
			sourceTree = "<group>";
		};
		B605C71115D6F4E20026B8AD /* MainStoryboard.storyboard */ = {
			isa = PBXVariantGroup;
			children = (
				B605C71215D6F4E20026B8AD /* en */,
			);
			name = MainStoryboard.storyboard;
			sourceTree = "<group>";
		};
/* End PBXVariantGroup section */

/* Begin XCBuildConfiguration section */
		B605C72F15D6F4E20026B8AD /* Debug */ = {
			isa = XCBuildConfiguration;
			buildSettings = {
				ALWAYS_SEARCH_USER_PATHS = NO;
				ARCHS = "$(ARCHS_STANDARD_32_BIT)";
				CLANG_CXX_LANGUAGE_STANDARD = "gnu++0x";
				CLANG_ENABLE_OBJC_ARC = YES;
				CLANG_WARN__DUPLICATE_METHOD_MATCH = YES;
				"CODE_SIGN_IDENTITY[sdk=iphoneos*]" = "iPhone Developer";
				COPY_PHASE_STRIP = NO;
				GCC_C_LANGUAGE_STANDARD = gnu99;
				GCC_DYNAMIC_NO_PIC = NO;
				GCC_OPTIMIZATION_LEVEL = 0;
				GCC_PREPROCESSOR_DEFINITIONS = (
					"DEBUG=1",
					"$(inherited)",
				);
				GCC_SYMBOLS_PRIVATE_EXTERN = NO;
				GCC_VERSION = com.apple.compilers.llvm.clang.1_0;
				GCC_WARN_ABOUT_RETURN_TYPE = YES;
				GCC_WARN_UNINITIALIZED_AUTOS = YES;
				GCC_WARN_UNUSED_VARIABLE = YES;
				IPHONEOS_DEPLOYMENT_TARGET = 5.1;
				SDKROOT = iphoneos;
				TARGETED_DEVICE_FAMILY = 2;
			};
			name = Debug;
		};
		B605C73015D6F4E20026B8AD /* Release */ = {
			isa = XCBuildConfiguration;
			buildSettings = {
				ALWAYS_SEARCH_USER_PATHS = NO;
				ARCHS = "$(ARCHS_STANDARD_32_BIT)";
				CLANG_CXX_LANGUAGE_STANDARD = "gnu++0x";
				CLANG_ENABLE_OBJC_ARC = YES;
				CLANG_WARN__DUPLICATE_METHOD_MATCH = YES;
				"CODE_SIGN_IDENTITY[sdk=iphoneos*]" = "iPhone Developer";
				COPY_PHASE_STRIP = YES;
				GCC_C_LANGUAGE_STANDARD = gnu99;
				GCC_VERSION = com.apple.compilers.llvm.clang.1_0;
				GCC_WARN_ABOUT_RETURN_TYPE = YES;
				GCC_WARN_UNINITIALIZED_AUTOS = YES;
				GCC_WARN_UNUSED_VARIABLE = YES;
				IPHONEOS_DEPLOYMENT_TARGET = 5.1;
				OTHER_CFLAGS = "-DNS_BLOCK_ASSERTIONS=1";
				SDKROOT = iphoneos;
				TARGETED_DEVICE_FAMILY = 2;
				VALIDATE_PRODUCT = YES;
			};
			name = Release;
		};
		B605C73215D6F4E20026B8AD /* Debug */ = {
			isa = XCBuildConfiguration;
			buildSettings = {
				FRAMEWORK_SEARCH_PATHS = (
					"$(inherited)",
					"\"$(SRCROOT)\"",
					"\"$(SRCROOT)/../opentok\"",
				);
				GCC_PRECOMPILE_PREFIX_HEADER = YES;
				GCC_PREFIX_HEADER = "SlideChat/SlideChat-Prefix.pch";
				INFOPLIST_FILE = "SlideChat/SlideChat-Info.plist";
				OTHER_LDFLAGS = "-Wl,-no_pie";
				"OTHER_LDFLAGS[arch=*]" = "-Wl,-no_pie";
				PRODUCT_NAME = SlideChat;
				WRAPPER_EXTENSION = app;
			};
			name = Debug;
		};
		B605C73315D6F4E20026B8AD /* Release */ = {
			isa = XCBuildConfiguration;
			buildSettings = {
				FRAMEWORK_SEARCH_PATHS = (
					"$(inherited)",
					"\"$(SRCROOT)\"",
					"\"$(SRCROOT)/../opentok\"",
				);
				GCC_PRECOMPILE_PREFIX_HEADER = YES;
				GCC_PREFIX_HEADER = "SlideChat/SlideChat-Prefix.pch";
				INFOPLIST_FILE = "SlideChat/SlideChat-Info.plist";
				OTHER_LDFLAGS = "-Wl,-no_pie";
				"OTHER_LDFLAGS[arch=*]" = "-Wl,-no_pie";
				PRODUCT_NAME = SlideChat;
				WRAPPER_EXTENSION = app;
			};
			name = Release;
		};
/* End XCBuildConfiguration section */

/* Begin XCConfigurationList section */
		B605C6F515D6F4E20026B8AD /* Build configuration list for PBXProject "SlideChat" */ = {
			isa = XCConfigurationList;
			buildConfigurations = (
				B605C72F15D6F4E20026B8AD /* Debug */,
				B605C73015D6F4E20026B8AD /* Release */,
			);
			defaultConfigurationIsVisible = 0;
			defaultConfigurationName = Release;
		};
		B605C73115D6F4E20026B8AD /* Build configuration list for PBXNativeTarget "SlideChat" */ = {
			isa = XCConfigurationList;
			buildConfigurations = (
				B605C73215D6F4E20026B8AD /* Debug */,
				B605C73315D6F4E20026B8AD /* Release */,
			);
			defaultConfigurationIsVisible = 0;
			defaultConfigurationName = Release;
		};
/* End XCConfigurationList section */
	};
	rootObject = B605C6F215D6F4E20026B8AD /* Project object */;
}
